{
  "files": {
    "Sakura/DSC_1464.JPG": {
      "size": 8742527,
      "mtime": 1779325216
    },
    "blog/logo.png": {
      "hash": "cf467ef572a11134c65cbf5f8341e79598d7780a47221079dce8c3965e8ebf7f",
      "size": 878590,
      "mtime": 1779325217
    },
    "blog/Snipaste.png": {
      "hash": "2ff427cdd187e7fb8770368f72411827b387bfe2f33bb72d8d1b5877c2612759",
      "size": 223748,
      "mtime": 1779325217
    },
    "Sakura/DSC_1754.jpg": {
      "size": 16818622,
      "mtime": 1779325217
    },
    "Sakura/DSC_1666.jpg": {
      "size": 15845801,
      "mtime": 1779325216
    }
  }
}