{
  "name": "@s-blog/engine",
  "version": "0.3.16",
  "lockfileVersion": 3,
  "requires": true,
  "packages": {
    "": {
      "name": "@s-blog/engine",
      "version": "0.3.16",
      "license": "MIT",
      "bin": {
        "s-blog": "bin/s-blog.cjs"
      },
      "devDependencies": {
        "@napi-rs/cli": "^2.18.4"
      },
      "engines": {
        "node": ">= 16"
      },
      "optionalDependencies": {
        "@s-blog/engine-darwin-arm64": "0.3.16",
        "@s-blog/engine-linux-x64-gnu": "0.3.16",
        "@s-blog/engine-win32-x64-msvc": "0.3.16"
      }
    },
    "node_modules/@napi-rs/cli": {
      "version": "2.18.4",
      "resolved": "https://registry.npmjs.org/@napi-rs/cli/-/cli-2.18.4.tgz",
      "integrity": "sha512-SgJeA4df9DE2iAEpr3M2H0OKl/yjtg1BnRI5/JyowS71tUWhrfSu2LT0V3vlHET+g1hBVlrO60PmEXwUEKp8Mg==",
      "dev": true,
      "license": "MIT",
      "bin": {
        "napi": "scripts/index.js"
      },
      "engines": {
        "node": ">= 10"
      },
      "funding": {
        "type": "github",
        "url": "https://github.com/sponsors/Brooooooklyn"
      }
    },
    "node_modules/@s-blog/engine-darwin-arm64": {
      "version": "0.3.16",
      "resolved": "https://registry.npmjs.org/@s-blog/engine-darwin-arm64/-/engine-darwin-arm64-0.3.15.tgz",
      "integrity": "sha512-QuyzI4buDr2V8Yp6Hu2opiJntiF2muwEhjs1b9b6awCvukq2KDjrt63Ouk4u+6BFdBXA64Z3xCfSRwwDzGk+LQ==",
      "cpu": [
        "arm64"
      ],
      "license": "MIT",
      "optional": true,
      "os": [
        "darwin"
      ],
      "engines": {
        "node": ">= 16"
      }
    },
    "node_modules/@s-blog/engine-linux-x64-gnu": {
      "version": "0.3.16",
      "resolved": "https://registry.npmjs.org/@s-blog/engine-linux-x64-gnu/-/engine-linux-x64-gnu-0.3.15.tgz",
      "integrity": "sha512-bn1z9KvOvSxQl+HCR/wlFtSISki1fMqWQrJHiPkRruVOXcTCnv4E+gCkb4r0sOHk01o7AeGCtWfwRVnOCzU4pA==",
      "cpu": [
        "x64"
      ],
      "license": "MIT",
      "optional": true,
      "os": [
        "linux"
      ],
      "engines": {
        "node": ">= 16"
      }
    },
    "node_modules/@s-blog/engine-win32-x64-msvc": {
      "version": "0.3.16",
      "resolved": "https://registry.npmjs.org/@s-blog/engine-win32-x64-msvc/-/engine-win32-x64-msvc-0.3.15.tgz",
      "integrity": "sha512-/9i6KVDc0gS9ab/2cxgz3abnfSDrDglWv9UUSrNWN8+TDdieBZ663ANUOYzFmHT5bOQG0L/BqAg0eK7JuyYsUQ==",
      "cpu": [
        "x64"
      ],
      "license": "MIT",
      "optional": true,
      "os": [
        "win32"
      ],
      "engines": {
        "node": ">= 16"
      }
    }
  }
}
