{
  "name": "@s-blog/engine",
  "version": "0.3.22",
  "lockfileVersion": 3,
  "requires": true,
  "packages": {
    "": {
      "name": "@s-blog/engine",
      "version": "0.3.22",
      "license": "MIT",
      "bin": {
        "s-blog": "bin/s-blog.cjs"
      },
      "devDependencies": {
        "@napi-rs/cli": "^2.18.4"
      },
      "engines": {
        "node": ">= 16"
      },
      "optionalDependencies": {
        "@s-blog/engine-darwin-arm64": "0.3.22",
        "@s-blog/engine-linux-x64-gnu": "0.3.22",
        "@s-blog/engine-win32-x64-msvc": "0.3.22"
      }
    },
    "node_modules/@napi-rs/cli": {
      "version": "2.18.4",
      "resolved": "https://registry.npmjs.org/@napi-rs/cli/-/cli-2.18.4.tgz",
      "integrity": "sha512-SgJeA4df9DE2iAEpr3M2H0OKl/yjtg1BnRI5/JyowS71tUWhrfSu2LT0V3vlHET+g1hBVlrO60PmEXwUEKp8Mg==",
      "dev": true,
      "license": "MIT",
      "bin": {
        "napi": "scripts/index.js"
      },
      "engines": {
        "node": ">= 10"
      },
      "funding": {
        "type": "github",
        "url": "https://github.com/sponsors/Brooooooklyn"
      }
    },
    "node_modules/@s-blog/engine-darwin-arm64": {
      "version": "0.3.22",
      "resolved": "https://registry.npmjs.org/@s-blog/engine-darwin-arm64/-/engine-darwin-arm64-0.3.22.tgz",
      "integrity": "sha512-KX8ovsyDgimwOKdULy6ltiguYADQY4KzDCd943KSi0BmMCjrLLU/N0IFZk2/47M6Fci1PeD07vBH51w6Pf4aXg==",
      "cpu": [
        "arm64"
      ],
      "license": "MIT",
      "optional": true,
      "os": [
        "darwin"
      ],
      "engines": {
        "node": ">= 16"
      }
    },
    "node_modules/@s-blog/engine-linux-x64-gnu": {
      "version": "0.3.22",
      "resolved": "https://registry.npmjs.org/@s-blog/engine-linux-x64-gnu/-/engine-linux-x64-gnu-0.3.22.tgz",
      "integrity": "sha512-B7fw4N/UMgB9ftV4chDVK7AczbfD61U/ivdBWXPTcdAQSY1KHD8QbyIN0CilrbC8B0vZBj0s/Mnv44I/V+JySg==",
      "cpu": [
        "x64"
      ],
      "license": "MIT",
      "optional": true,
      "os": [
        "linux"
      ],
      "engines": {
        "node": ">= 16"
      }
    },
    "node_modules/@s-blog/engine-win32-x64-msvc": {
      "version": "0.3.22",
      "resolved": "https://registry.npmjs.org/@s-blog/engine-win32-x64-msvc/-/engine-win32-x64-msvc-0.3.22.tgz",
      "integrity": "sha512-fI7ccuWT57zK3Jom7hMjJitDDiRoA8AXFO1c5zhZLl76+hnItf6PwKqNr0fMSsBacIx2usHrPBqp4S9zhZoW2A==",
      "cpu": [
        "x64"
      ],
      "license": "MIT",
      "optional": true,
      "os": [
        "win32"
      ],
      "engines": {
        "node": ">= 16"
      }
    }
  }
}
